// !$*UTF8*$!
{
	archiveVersion = 1;
	classes = {
	};
	objectVersion = 50;
	objects = {

/* Begin PBXBuildFile section */
		39179D7D212F2335003F5FB9 /* AppDelegate.swift in Sources */ = {isa = PBXBuildFile; fileRef = 39179D7C212F2335003F5FB9 /* AppDelegate.swift */; };
		39179D7F212F2335003F5FB9 /* ViewController.swift in Sources */ = {isa = PBXBuildFile; fileRef = 39179D7E212F2335003F5FB9 /* ViewController.swift */; };
		39179D82212F2335003F5FB9 /* Main.storyboard in Resources */ = {isa = PBXBuildFile; fileRef = 39179D80212F2335003F5FB9 /* Main.storyboard */; };
		39179D87212F2336003F5FB9 /* LaunchScreen.storyboard in Resources */ = {isa = PBXBuildFile; fileRef = 39179D85212F2336003F5FB9 /* LaunchScreen.storyboard */; };
		39A30BB7212F2A7900FCA7D0 /* Assets.xcassets in Resources */ = {isa = PBXBuildFile; fileRef = 39A30BB6212F2A7900FCA7D0 /* Assets.xcassets */; };
		39A30BBA212F380C00FCA7D0 /* AddNewNote.swift in Sources */ = {isa = PBXBuildFile; fileRef = 39A30BB9212F380C00FCA7D0 /* AddNewNote.swift */; };
		39A30BBD212F382000FCA7D0 /* Note.swift in Sources */ = {isa = PBXBuildFile; fileRef = 39A30BBC212F382000FCA7D0 /* Note.swift */; };
		39D1042B2132C86F008E4C7D /* Utils.swift in Sources */ = {isa = PBXBuildFile; fileRef = 39D1042A2132C86F008E4C7D /* Utils.swift */; };
/* End PBXBuildFile section */

/* Begin PBXFileReference section */
		39179D79212F2335003F5FB9 /* ToDoListApp.app */ = {isa = PBXFileReference; explicitFileType = wrapper.application; includeInIndex = 0; path = ToDoListApp.app; sourceTree = BUILT_PRODUCTS_DIR; };
		39179D7C212F2335003F5FB9 /* AppDelegate.swift */ = {isa = PBXFileReference; lastKnownFileType = sourcecode.swift; path = AppDelegate.swift; sourceTree = "<group>"; };
		39179D7E212F2335003F5FB9 /* ViewController.swift */ = {isa = PBXFileReference; lastKnownFileType = sourcecode.swift; path = ViewController.swift; sourceTree = "<group>"; };
		39179D81212F2335003F5FB9 /* Base */ = {isa = PBXFileReference; lastKnownFileType = file.storyboard; name = Base; path = Base.lproj/Main.storyboard; sourceTree = "<group>"; };
		39179D86212F2336003F5FB9 /* Base */ = {isa = PBXFileReference; lastKnownFileType = file.storyboard; name = Base; path = Base.lproj/LaunchScreen.storyboard; sourceTree = "<group>"; };
		39179D88212F2336003F5FB9 /* Info.plist */ = {isa = PBXFileReference; lastKnownFileType = text.plist.xml; path = Info.plist; sourceTree = "<group>"; };
		39A30BB6212F2A7900FCA7D0 /* Assets.xcassets */ = {isa = PBXFileReference; lastKnownFileType = folder.assetcatalog; path = Assets.xcassets; sourceTree = "<group>"; };
		39A30BB9212F380C00FCA7D0 /* AddNewNote.swift */ = {isa = PBXFileReference; lastKnownFileType = sourcecode.swift; path = AddNewNote.swift; sourceTree = "<group>"; };
		39A30BBC212F382000FCA7D0 /* Note.swift */ = {isa = PBXFileReference; lastKnownFileType = sourcecode.swift; path = Note.swift; sourceTree = "<group>"; };
		39D1042A2132C86F008E4C7D /* Utils.swift */ = {isa = PBXFileReference; lastKnownFileType = sourcecode.swift; path = Utils.swift; sourceTree = "<group>"; };
/* End PBXFileReference section */

/* Begin PBXFrameworksBuildPhase section */
		39179D76212F2335003F5FB9 /* Frameworks */ = {
			isa = PBXFrameworksBuildPhase;
			buildActionMask = 2147483647;
			files = (
			);
			runOnlyForDeploymentPostprocessing = 0;
		};
/* End PBXFrameworksBuildPhase section */

/* Begin PBXGroup section */
		39179D70212F2335003F5FB9 = {
			isa = PBXGroup;
			children = (
				39179D7B212F2335003F5FB9 /* ToDoListApp */,
				39A30BB6212F2A7900FCA7D0 /* Assets.xcassets */,
				39179D7A212F2335003F5FB9 /* Products */,
			);
			sourceTree = "<group>";
		};
		39179D7A212F2335003F5FB9 /* Products */ = {
			isa = PBXGroup;
			children = (
				39179D79212F2335003F5FB9 /* ToDoListApp.app */,
			);
			name = Products;
			sourceTree = "<group>";
		};
		39179D7B212F2335003F5FB9 /* ToDoListApp */ = {
			isa = PBXGroup;
			children = (
				39D104292132C853008E4C7D /* Helper */,
				39A30BBB212F381300FCA7D0 /* Models */,
				39A30BB8212F37EF00FCA7D0 /* Controllers */,
				39179D90212F23FE003F5FB9 /* Storyboards */,
				39179D7C212F2335003F5FB9 /* AppDelegate.swift */,
				39179D88212F2336003F5FB9 /* Info.plist */,
			);
			path = ToDoListApp;
			sourceTree = "<group>";
		};
		39179D90212F23FE003F5FB9 /* Storyboards */ = {
			isa = PBXGroup;
			children = (
				39179D85212F2336003F5FB9 /* LaunchScreen.storyboard */,
				39179D80212F2335003F5FB9 /* Main.storyboard */,
			);
			path = Storyboards;
			sourceTree = "<group>";
		};
		39A30BB8212F37EF00FCA7D0 /* Controllers */ = {
			isa = PBXGroup;
			children = (
				39179D7E212F2335003F5FB9 /* ViewController.swift */,
				39A30BB9212F380C00FCA7D0 /* AddNewNote.swift */,
			);
			path = Controllers;
			sourceTree = "<group>";
		};
		39A30BBB212F381300FCA7D0 /* Models */ = {
			isa = PBXGroup;
			children = (
				39A30BBC212F382000FCA7D0 /* Note.swift */,
			);
			path = Models;
			sourceTree = "<group>";
		};
		39D104292132C853008E4C7D /* Helper */ = {
			isa = PBXGroup;
			children = (
				39D1042A2132C86F008E4C7D /* Utils.swift */,
			);
			path = Helper;
			sourceTree = "<group>";
		};
/* End PBXGroup section */

/* Begin PBXNativeTarget section */
		39179D78212F2335003F5FB9 /* ToDoListApp */ = {
			isa = PBXNativeTarget;
			buildConfigurationList = 39179D8B212F2336003F5FB9 /* Build configuration list for PBXNativeTarget "ToDoListApp" */;
			buildPhases = (
				39179D75212F2335003F5FB9 /* Sources */,
				39179D76212F2335003F5FB9 /* Frameworks */,
				39179D77212F2335003F5FB9 /* Resources */,
			);
			buildRules = (
			);
			dependencies = (
			);
			name = ToDoListApp;
			productName = ToDoListApp;
			productReference = 39179D79212F2335003F5FB9 /* ToDoListApp.app */;
			productType = "com.apple.product-type.application";
		};
/* End PBXNativeTarget section */

/* Begin PBXProject section */
		39179D71212F2335003F5FB9 /* Project object */ = {
			isa = PBXProject;
			attributes = {
				LastSwiftUpdateCheck = 0940;
				LastUpgradeCheck = 0940;
				ORGANIZATIONNAME = "Berdil İlyada Karacam";
				TargetAttributes = {
					39179D78212F2335003F5FB9 = {
						CreatedOnToolsVersion = 9.4.1;
					};
				};
			};
			buildConfigurationList = 39179D74212F2335003F5FB9 /* Build configuration list for PBXProject "ToDoListApp" */;
			compatibilityVersion = "Xcode 9.3";
			developmentRegion = en;
			hasScannedForEncodings = 0;
			knownRegions = (
				en,
				Base,
			);
			mainGroup = 39179D70212F2335003F5FB9;
			productRefGroup = 39179D7A212F2335003F5FB9 /* Products */;
			projectDirPath = "";
			projectRoot = "";
			targets = (
				39179D78212F2335003F5FB9 /* ToDoListApp */,
			);
		};
/* End PBXProject section */

/* Begin PBXResourcesBuildPhase section */
		39179D77212F2335003F5FB9 /* Resources */ = {
			isa = PBXResourcesBuildPhase;
			buildActionMask = 2147483647;
			files = (
				39179D87212F2336003F5FB9 /* LaunchScreen.storyboard in Resources */,
				39A30BB7212F2A7900FCA7D0 /* Assets.xcassets in Resources */,
				39179D82212F2335003F5FB9 /* Main.storyboard in Resources */,
			);
			runOnlyForDeploymentPostprocessing = 0;
		};
/* End PBXResourcesBuildPhase section */

/* Begin PBXSourcesBuildPhase section */
		39179D75212F2335003F5FB9 /* Sources */ = {
			isa = PBXSourcesBuildPhase;
			buildActionMask = 2147483647;
			files = (
				39D1042B2132C86F008E4C7D /* Utils.swift in Sources */,
				39A30BBA212F380C00FCA7D0 /* AddNewNote.swift in Sources */,
				39179D7F212F2335003F5FB9 /* ViewController.swift in Sources */,
				39179D7D212F2335003F5FB9 /* AppDelegate.swift in Sources */,
				39A30BBD212F382000FCA7D0 /* Note.swift in Sources */,
			);
			runOnlyForDeploymentPostprocessing = 0;
		};
/* End PBXSourcesBuildPhase section */

/* Begin PBXVariantGroup section */
		39179D80212F2335003F5FB9 /* Main.storyboard */ = {
			isa = PBXVariantGroup;
			children = (
				39179D81212F2335003F5FB9 /* Base */,
			);
			name = Main.storyboard;
			sourceTree = "<group>";
		};
		39179D85212F2336003F5FB9 /* LaunchScreen.storyboard */ = {
			isa = PBXVariantGroup;
			children = (
				39179D86212F2336003F5FB9 /* Base */,
			);
			name = LaunchScreen.storyboard;
			sourceTree = "<group>";
		};
/* End PBXVariantGroup section */

/* Begin XCBuildConfiguration section */
		39179D89212F2336003F5FB9 /* Debug */ = {
			isa = XCBuildConfiguration;
			buildSettings = {
				ALWAYS_SEARCH_USER_PATHS = NO;
				CLANG_ANALYZER_NONNULL = YES;
				CLANG_ANALYZER_NUMBER_OBJECT_CONVERSION = YES_AGGRESSIVE;
				CLANG_CXX_LANGUAGE_STANDARD = "gnu++14";
				CLANG_CXX_LIBRARY = "libc++";
				CLANG_ENABLE_MODULES = YES;
				CLANG_ENABLE_OBJC_ARC = YES;
				CLANG_ENABLE_OBJC_WEAK = YES;
				CLANG_WARN_BLOCK_CAPTURE_AUTORELEASING = YES;
				CLANG_WARN_BOOL_CONVERSION = YES;
				CLANG_WARN_COMMA = YES;
				CLANG_WARN_CONSTANT_CONVERSION = YES;
				CLANG_WARN_DEPRECATED_OBJC_IMPLEMENTATIONS = YES;
				CLANG_WARN_DIRECT_OBJC_ISA_USAGE = YES_ERROR;
				CLANG_WARN_DOCUMENTATION_COMMENTS = YES;
				CLANG_WARN_EMPTY_BODY = YES;
				CLANG_WARN_ENUM_CONVERSION = YES;
				CLANG_WARN_INFINITE_RECURSION = YES;
				CLANG_WARN_INT_CONVERSION = YES;
				CLANG_WARN_NON_LITERAL_NULL_CONVERSION = YES;
				CLANG_WARN_OBJC_IMPLICIT_RETAIN_SELF = YES;
				CLANG_WARN_OBJC_LITERAL_CONVERSION = YES;
				CLANG_WARN_OBJC_ROOT_CLASS = YES_ERROR;
				CLANG_WARN_RANGE_LOOP_ANALYSIS = YES;
				CLANG_WARN_STRICT_PROTOTYPES = YES;
				CLANG_WARN_SUSPICIOUS_MOVE = YES;
				CLANG_WARN_UNGUARDED_AVAILABILITY = YES_AGGRESSIVE;
				CLANG_WARN_UNREACHABLE_CODE = YES;
				CLANG_WARN__DUPLICATE_METHOD_MATCH = YES;
				CODE_SIGN_IDENTITY = "iPhone Developer";
				COPY_PHASE_STRIP = NO;
				DEBUG_INFORMATION_FORMAT = dwarf;
				ENABLE_STRICT_OBJC_MSGSEND = YES;
				ENABLE_TESTABILITY = YES;
				GCC_C_LANGUAGE_STANDARD = gnu11;
				GCC_DYNAMIC_NO_PIC = NO;
				GCC_NO_COMMON_BLOCKS = YES;
				GCC_OPTIMIZATION_LEVEL = 0;
				GCC_PREPROCESSOR_DEFINITIONS = (
					"DEBUG=1",
					"$(inherited)",
				);
				GCC_WARN_64_TO_32_BIT_CONVERSION = YES;
				GCC_WARN_ABOUT_RETURN_TYPE = YES_ERROR;
				GCC_WARN_UNDECLARED_SELECTOR = YES;
				GCC_WARN_UNINITIALIZED_AUTOS = YES_AGGRESSIVE;
				GCC_WARN_UNUSED_FUNCTION = YES;
				GCC_WARN_UNUSED_VARIABLE = YES;
				IPHONEOS_DEPLOYMENT_TARGET = 11.4;
				MTL_ENABLE_DEBUG_INFO = YES;
				ONLY_ACTIVE_ARCH = YES;
				SDKROOT = iphoneos;
				SWIFT_ACTIVE_COMPILATION_CONDITIONS = DEBUG;
				SWIFT_OPTIMIZATION_LEVEL = "-Onone";
			};
			name = Debug;
		};
		39179D8A212F2336003F5FB9 /* Release */ = {
			isa = XCBuildConfiguration;
			buildSettings = {
				ALWAYS_SEARCH_USER_PATHS = NO;
				CLANG_ANALYZER_NONNULL = YES;
				CLANG_ANALYZER_NUMBER_OBJECT_CONVERSION = YES_AGGRESSIVE;
				CLANG_CXX_LANGUAGE_STANDARD = "gnu++14";
				CLANG_CXX_LIBRARY = "libc++";
				CLANG_ENABLE_MODULES = YES;
				CLANG_ENABLE_OBJC_ARC = YES;
				CLANG_ENABLE_OBJC_WEAK = YES;
				CLANG_WARN_BLOCK_CAPTURE_AUTORELEASING = YES;
				CLANG_WARN_BOOL_CONVERSION = YES;
				CLANG_WARN_COMMA = YES;
				CLANG_WARN_CONSTANT_CONVERSION = YES;
				CLANG_WARN_DEPRECATED_OBJC_IMPLEMENTATIONS = YES;
				CLANG_WARN_DIRECT_OBJC_ISA_USAGE = YES_ERROR;
				CLANG_WARN_DOCUMENTATION_COMMENTS = YES;
				CLANG_WARN_EMPTY_BODY = YES;
				CLANG_WARN_ENUM_CONVERSION = YES;
				CLANG_WARN_INFINITE_RECURSION = YES;
				CLANG_WARN_INT_CONVERSION = YES;
				CLANG_WARN_NON_LITERAL_NULL_CONVERSION = YES;
				CLANG_WARN_OBJC_IMPLICIT_RETAIN_SELF = YES;
				CLANG_WARN_OBJC_LITERAL_CONVERSION = YES;
				CLANG_WARN_OBJC_ROOT_CLASS = YES_ERROR;
				CLANG_WARN_RANGE_LOOP_ANALYSIS = YES;
				CLANG_WARN_STRICT_PROTOTYPES = YES;
				CLANG_WARN_SUSPICIOUS_MOVE = YES;
				CLANG_WARN_UNGUARDED_AVAILABILITY = YES_AGGRESSIVE;
				CLANG_WARN_UNREACHABLE_CODE = YES;
				CLANG_WARN__DUPLICATE_METHOD_MATCH = YES;
				CODE_SIGN_IDENTITY = "iPhone Developer";
				COPY_PHASE_STRIP = NO;
				DEBUG_INFORMATION_FORMAT = "dwarf-with-dsym";
				ENABLE_NS_ASSERTIONS = NO;
				ENABLE_STRICT_OBJC_MSGSEND = YES;
				GCC_C_LANGUAGE_STANDARD = gnu11;
				GCC_NO_COMMON_BLOCKS = YES;
				GCC_WARN_64_TO_32_BIT_CONVERSION = YES;
				GCC_WARN_ABOUT_RETURN_TYPE = YES_ERROR;
				GCC_WARN_UNDECLARED_SELECTOR = YES;
				GCC_WARN_UNINITIALIZED_AUTOS = YES_AGGRESSIVE;
				GCC_WARN_UNUSED_FUNCTION = YES;
				GCC_WARN_UNUSED_VARIABLE = YES;
				IPHONEOS_DEPLOYMENT_TARGET = 11.4;
				MTL_ENABLE_DEBUG_INFO = NO;
				SDKROOT = iphoneos;
				SWIFT_COMPILATION_MODE = wholemodule;
				SWIFT_OPTIMIZATION_LEVEL = "-O";
				VALIDATE_PRODUCT = YES;
			};
			name = Release;
		};
		39179D8C212F2336003F5FB9 /* Debug */ = {
			isa = XCBuildConfiguration;
			buildSettings = {
				ASSETCATALOG_COMPILER_APPICON_NAME = AppIcon;
				CODE_SIGN_STYLE = Automatic;
				INFOPLIST_FILE = ToDoListApp/Info.plist;
				LD_RUNPATH_SEARCH_PATHS = (
					"$(inherited)",
					"@executable_path/Frameworks",
				);
				PRODUCT_BUNDLE_IDENTIFIER = com.ilyadaberdil.ToDoListApp;
				PRODUCT_NAME = "$(TARGET_NAME)";
				SWIFT_VERSION = 4.0;
				TARGETED_DEVICE_FAMILY = "1,2";
			};
			name = Debug;
		};
		39179D8D212F2336003F5FB9 /* Release */ = {
			isa = XCBuildConfiguration;
			buildSettings = {
				ASSETCATALOG_COMPILER_APPICON_NAME = AppIcon;
				CODE_SIGN_STYLE = Automatic;
				INFOPLIST_FILE = ToDoListApp/Info.plist;
				LD_RUNPATH_SEARCH_PATHS = (
					"$(inherited)",
					"@executable_path/Frameworks",
				);
				PRODUCT_BUNDLE_IDENTIFIER = com.ilyadaberdil.ToDoListApp;
				PRODUCT_NAME = "$(TARGET_NAME)";
				SWIFT_VERSION = 4.0;
				TARGETED_DEVICE_FAMILY = "1,2";
			};
			name = Release;
		};
/* End XCBuildConfiguration section */

/* Begin XCConfigurationList section */
		39179D74212F2335003F5FB9 /* Build configuration list for PBXProject "ToDoListApp" */ = {
			isa = XCConfigurationList;
			buildConfigurations = (
				39179D89212F2336003F5FB9 /* Debug */,
				39179D8A212F2336003F5FB9 /* Release */,
			);
			defaultConfigurationIsVisible = 0;
			defaultConfigurationName = Release;
		};
		39179D8B212F2336003F5FB9 /* Build configuration list for PBXNativeTarget "ToDoListApp" */ = {
			isa = XCConfigurationList;
			buildConfigurations = (
				39179D8C212F2336003F5FB9 /* Debug */,
				39179D8D212F2336003F5FB9 /* Release */,
			);
			defaultConfigurationIsVisible = 0;
			defaultConfigurationName = Release;
		};
/* End XCConfigurationList section */
	};
	rootObject = 39179D71212F2335003F5FB9 /* Project object */;
}
